
Microsoft Visual Studio Solution File, Format Version 12.00
# Visual Studio Version 16
VisualStudioVersion = 16.0.29519.181
MinimumVisualStudioVersion = 10.0.40219.1
Project("{FAE04EC0-301F-11D3-BF4B-00C04F79EFBC}") = "SavDarbas2+unitTest2", "SavDarbas2+unitTest2\SavDarbas2+unitTest2.csproj", "{50968203-2A35-41C2-BDC6-DDF4D27705C2}"
EndProject
Global
	GlobalSection(SolutionConfigurationPlatforms) = preSolution
		Debug|Any CPU = Debug|Any CPU
		Release|Any CPU = Release|Any CPU
	EndGlobalSection
	GlobalSection(ProjectConfigurationPlatforms) = postSolution
		{50968203-2A35-41C2-BDC6-DDF4D27705C2}.Debug|Any CPU.ActiveCfg = Debug|Any CPU
		{50968203-2A35-41C2-BDC6-DDF4D27705C2}.Debug|Any CPU.Build.0 = Debug|Any CPU
		{50968203-2A35-41C2-BDC6-DDF4D27705C2}.Release|Any CPU.ActiveCfg = Release|Any CPU
		{50968203-2A35-41C2-BDC6-DDF4D27705C2}.Release|Any CPU.Build.0 = Release|Any CPU
	EndGlobalSection
	GlobalSection(SolutionProperties) = preSolution
		HideSolutionNode = FALSE
	EndGlobalSection
	GlobalSection(ExtensibilityGlobals) = postSolution
		SolutionGuid = {1DF28EBB-A7ED-4680-BEB4-3D208C185242}
	EndGlobalSection
EndGlobal
